
Microsoft Visual Studio Solution File, Format Version 12.00
# Visual Studio Version 17
VisualStudioVersion = 17.10.35013.160
MinimumVisualStudioVersion = 10.0.40219.1
Project("{FAE04EC0-301F-11D3-BF4B-00C04F79EFBC}") = "Capstone2", "Capstone2.csproj", "{07B49547-DF0E-40A5-805A-AB6E5C0D0818}"
EndProject
Global
	GlobalSection(SolutionConfigurationPlatforms) = preSolution
		Debug|Any CPU = Debug|Any CPU
		Release|Any CPU = Release|Any CPU
	EndGlobalSection
	GlobalSection(ProjectConfigurationPlatforms) = postSolution
		{07B49547-DF0E-40A5-805A-AB6E5C0D0818}.Debug|Any CPU.ActiveCfg = Debug|Any CPU
		{07B49547-DF0E-40A5-805A-AB6E5C0D0818}.Debug|Any CPU.Build.0 = Debug|Any CPU
		{07B49547-DF0E-40A5-805A-AB6E5C0D0818}.Release|Any CPU.ActiveCfg = Release|Any CPU
		{07B49547-DF0E-40A5-805A-AB6E5C0D0818}.Release|Any CPU.Build.0 = Release|Any CPU
	EndGlobalSection
	GlobalSection(SolutionProperties) = preSolution
		HideSolutionNode = FALSE
	EndGlobalSection
	GlobalSection(ExtensibilityGlobals) = postSolution
		SolutionGuid = {BF4A994B-65C1-4E7B-93F8-25CBEC3A674A}
	EndGlobalSection
EndGlobal
